
Microsoft Visual Studio Solution File, Format Version 12.00
Project("{FAE04EC0-301F-11D3-BF4B-00C04F79EFBC}") = "CatchSmartHeadHunter", "CatchSmartHeadHunter\CatchSmartHeadHunter.csproj", "{538D4679-531F-47CE-8E29-DEC7643F6249}"
EndProject
Project("{FAE04EC0-301F-11D3-BF4B-00C04F79EFBC}") = "CatchSmartHeadHunter.Data", "CatchSmartHeadHunter.Data\CatchSmartHeadHunter.Data.csproj", "{C034598C-FBE0-48F4-8A81-42695AA5E19A}"
EndProject
Project("{FAE04EC0-301F-11D3-BF4B-00C04F79EFBC}") = "CatchSmartHeadHunter.Core", "CatchSmartHeadHunter.Core\CatchSmartHeadHunter.Core.csproj", "{6311B8BF-C9D8-4CD2-99F6-F56EA5C7E844}"
EndProject
Project("{FAE04EC0-301F-11D3-BF4B-00C04F79EFBC}") = "CatchSmartHeadHunter.Services", "CatchSmartHeadHunter.Services\CatchSmartHeadHunter.Services.csproj", "{3C9B8DB3-CA84-41A7-ACEB-FB24595846DC}"
EndProject
Project("{FAE04EC0-301F-11D3-BF4B-00C04F79EFBC}") = "CatchSmartHeadHunter.Tests", "CatchSmartHeadHunter.Tests\CatchSmartHeadHunter.Tests.csproj", "{49BD24D4-53F8-4F9A-A077-7FA38B2CD572}"
EndProject
Global
	GlobalSection(SolutionConfigurationPlatforms) = preSolution
		Debug|Any CPU = Debug|Any CPU
		Release|Any CPU = Release|Any CPU
	EndGlobalSection
	GlobalSection(ProjectConfigurationPlatforms) = postSolution
		{538D4679-531F-47CE-8E29-DEC7643F6249}.Debug|Any CPU.ActiveCfg = Debug|Any CPU
		{538D4679-531F-47CE-8E29-DEC7643F6249}.Debug|Any CPU.Build.0 = Debug|Any CPU
		{538D4679-531F-47CE-8E29-DEC7643F6249}.Release|Any CPU.ActiveCfg = Release|Any CPU
		{538D4679-531F-47CE-8E29-DEC7643F6249}.Release|Any CPU.Build.0 = Release|Any CPU
		{C034598C-FBE0-48F4-8A81-42695AA5E19A}.Debug|Any CPU.ActiveCfg = Debug|Any CPU
		{C034598C-FBE0-48F4-8A81-42695AA5E19A}.Debug|Any CPU.Build.0 = Debug|Any CPU
		{C034598C-FBE0-48F4-8A81-42695AA5E19A}.Release|Any CPU.ActiveCfg = Release|Any CPU
		{C034598C-FBE0-48F4-8A81-42695AA5E19A}.Release|Any CPU.Build.0 = Release|Any CPU
		{6311B8BF-C9D8-4CD2-99F6-F56EA5C7E844}.Debug|Any CPU.ActiveCfg = Debug|Any CPU
		{6311B8BF-C9D8-4CD2-99F6-F56EA5C7E844}.Debug|Any CPU.Build.0 = Debug|Any CPU
		{6311B8BF-C9D8-4CD2-99F6-F56EA5C7E844}.Release|Any CPU.ActiveCfg = Release|Any CPU
		{6311B8BF-C9D8-4CD2-99F6-F56EA5C7E844}.Release|Any CPU.Build.0 = Release|Any CPU
		{3C9B8DB3-CA84-41A7-ACEB-FB24595846DC}.Debug|Any CPU.ActiveCfg = Debug|Any CPU
		{3C9B8DB3-CA84-41A7-ACEB-FB24595846DC}.Debug|Any CPU.Build.0 = Debug|Any CPU
		{3C9B8DB3-CA84-41A7-ACEB-FB24595846DC}.Release|Any CPU.ActiveCfg = Release|Any CPU
		{3C9B8DB3-CA84-41A7-ACEB-FB24595846DC}.Release|Any CPU.Build.0 = Release|Any CPU
		{49BD24D4-53F8-4F9A-A077-7FA38B2CD572}.Debug|Any CPU.ActiveCfg = Debug|Any CPU
		{49BD24D4-53F8-4F9A-A077-7FA38B2CD572}.Debug|Any CPU.Build.0 = Debug|Any CPU
		{49BD24D4-53F8-4F9A-A077-7FA38B2CD572}.Release|Any CPU.ActiveCfg = Release|Any CPU
		{49BD24D4-53F8-4F9A-A077-7FA38B2CD572}.Release|Any CPU.Build.0 = Release|Any CPU
	EndGlobalSection
EndGlobal
